// !$*UTF8*$!
{
	archiveVersion = 1;
	classes = {
	};
	objectVersion = 56;
	objects = {

/* Begin PBXBuildFile section */
		DD5053312C037F89003D4703 /* NetworkData.swift in Sources */ = {isa = PBXBuildFile; fileRef = DD5053302C037F88003D4703 /* NetworkData.swift */; };
		DD5053332C038084003D4703 /* UIColorExtension.swift in Sources */ = {isa = PBXBuildFile; fileRef = DD5053322C038084003D4703 /* UIColorExtension.swift */; };
		DD55670C2BFA5A4200CFEE1B /* AppDelegate.swift in Sources */ = {isa = PBXBuildFile; fileRef = DD55670B2BFA5A4200CFEE1B /* AppDelegate.swift */; };
		DD55670E2BFA5A4200CFEE1B /* SceneDelegate.swift in Sources */ = {isa = PBXBuildFile; fileRef = DD55670D2BFA5A4200CFEE1B /* SceneDelegate.swift */; };
		DD5567102BFA5A4200CFEE1B /* MixColorVC.swift in Sources */ = {isa = PBXBuildFile; fileRef = DD55670F2BFA5A4200CFEE1B /* MixColorVC.swift */; };
		DD5567152BFA5A4400CFEE1B /* Assets.xcassets in Resources */ = {isa = PBXBuildFile; fileRef = DD5567142BFA5A4400CFEE1B /* Assets.xcassets */; };
		DD5567182BFA5A4400CFEE1B /* Base in Resources */ = {isa = PBXBuildFile; fileRef = DD5567172BFA5A4400CFEE1B /* Base */; };
		DD5567212BFA5D2D00CFEE1B /* FirstRectanglePC.swift in Sources */ = {isa = PBXBuildFile; fileRef = DD5567202BFA5D2D00CFEE1B /* FirstRectanglePC.swift */; };
		DD5567232BFA5D5C00CFEE1B /* SecondRectanglePC.swift in Sources */ = {isa = PBXBuildFile; fileRef = DD5567222BFA5D5C00CFEE1B /* SecondRectanglePC.swift */; };
		DD5567272BFA5DEA00CFEE1B /* MixColor.swift in Sources */ = {isa = PBXBuildFile; fileRef = DD5567262BFA5DEA00CFEE1B /* MixColor.swift */; };
		DD55672C2BFD18F200CFEE1B /* JSONCaller.swift in Sources */ = {isa = PBXBuildFile; fileRef = DD55672B2BFD18F200CFEE1B /* JSONCaller.swift */; };
/* End PBXBuildFile section */

/* Begin PBXFileReference section */
		DD5053302C037F88003D4703 /* NetworkData.swift */ = {isa = PBXFileReference; lastKnownFileType = sourcecode.swift; path = NetworkData.swift; sourceTree = "<group>"; };
		DD5053322C038084003D4703 /* UIColorExtension.swift */ = {isa = PBXFileReference; lastKnownFileType = sourcecode.swift; path = UIColorExtension.swift; sourceTree = "<group>"; };
		DD5567082BFA5A4200CFEE1B /* ColorMix.app */ = {isa = PBXFileReference; explicitFileType = wrapper.application; includeInIndex = 0; path = ColorMix.app; sourceTree = BUILT_PRODUCTS_DIR; };
		DD55670B2BFA5A4200CFEE1B /* AppDelegate.swift */ = {isa = PBXFileReference; lastKnownFileType = sourcecode.swift; path = AppDelegate.swift; sourceTree = "<group>"; };
		DD55670D2BFA5A4200CFEE1B /* SceneDelegate.swift */ = {isa = PBXFileReference; lastKnownFileType = sourcecode.swift; path = SceneDelegate.swift; sourceTree = "<group>"; };
		DD55670F2BFA5A4200CFEE1B /* MixColorVC.swift */ = {isa = PBXFileReference; lastKnownFileType = sourcecode.swift; path = MixColorVC.swift; sourceTree = "<group>"; };
		DD5567142BFA5A4400CFEE1B /* Assets.xcassets */ = {isa = PBXFileReference; lastKnownFileType = folder.assetcatalog; path = Assets.xcassets; sourceTree = "<group>"; };
		DD5567172BFA5A4400CFEE1B /* Base */ = {isa = PBXFileReference; lastKnownFileType = file.storyboard; name = Base; path = Base.lproj/LaunchScreen.storyboard; sourceTree = "<group>"; };
		DD5567192BFA5A4400CFEE1B /* Info.plist */ = {isa = PBXFileReference; lastKnownFileType = text.plist.xml; path = Info.plist; sourceTree = "<group>"; };
		DD5567202BFA5D2D00CFEE1B /* FirstRectanglePC.swift */ = {isa = PBXFileReference; lastKnownFileType = sourcecode.swift; path = FirstRectanglePC.swift; sourceTree = "<group>"; };
		DD5567222BFA5D5C00CFEE1B /* SecondRectanglePC.swift */ = {isa = PBXFileReference; lastKnownFileType = sourcecode.swift; path = SecondRectanglePC.swift; sourceTree = "<group>"; };
		DD5567262BFA5DEA00CFEE1B /* MixColor.swift */ = {isa = PBXFileReference; lastKnownFileType = sourcecode.swift; path = MixColor.swift; sourceTree = "<group>"; };
		DD55672B2BFD18F200CFEE1B /* JSONCaller.swift */ = {isa = PBXFileReference; lastKnownFileType = sourcecode.swift; path = JSONCaller.swift; sourceTree = "<group>"; };
/* End PBXFileReference section */

/* Begin PBXFrameworksBuildPhase section */
		DD5567052BFA5A4200CFEE1B /* Frameworks */ = {
			isa = PBXFrameworksBuildPhase;
			buildActionMask = 2147483647;
			files = (
			);
			runOnlyForDeploymentPostprocessing = 0;
		};
/* End PBXFrameworksBuildPhase section */

/* Begin PBXGroup section */
		DD5053342C0380C9003D4703 /* Extension */ = {
			isa = PBXGroup;
			children = (
				DD5053322C038084003D4703 /* UIColorExtension.swift */,
			);
			path = Extension;
			sourceTree = "<group>";
		};
		DD5053352C0380D2003D4703 /* Network */ = {
			isa = PBXGroup;
			children = (
				DD5053302C037F88003D4703 /* NetworkData.swift */,
			);
			path = Network;
			sourceTree = "<group>";
		};
		DD5053362C0380DE003D4703 /* JSONCaller */ = {
			isa = PBXGroup;
			children = (
				DD55672B2BFD18F200CFEE1B /* JSONCaller.swift */,
			);
			path = JSONCaller;
			sourceTree = "<group>";
		};
		DD5566FF2BFA5A4200CFEE1B = {
			isa = PBXGroup;
			children = (
				DD55670A2BFA5A4200CFEE1B /* ColorMix */,
				DD5567092BFA5A4200CFEE1B /* Products */,
			);
			sourceTree = "<group>";
		};
		DD5567092BFA5A4200CFEE1B /* Products */ = {
			isa = PBXGroup;
			children = (
				DD5567082BFA5A4200CFEE1B /* ColorMix.app */,
			);
			name = Products;
			sourceTree = "<group>";
		};
		DD55670A2BFA5A4200CFEE1B /* ColorMix */ = {
			isa = PBXGroup;
			children = (
				DD5567282BFA685100CFEE1B /* FirstWork */,
				DD5567252BFA5DAE00CFEE1B /* Support */,
				DD5567192BFA5A4400CFEE1B /* Info.plist */,
			);
			path = ColorMix;
			sourceTree = "<group>";
		};
		DD55671F2BFA5D1200CFEE1B /* ColorPicker */ = {
			isa = PBXGroup;
			children = (
				DD5567202BFA5D2D00CFEE1B /* FirstRectanglePC.swift */,
				DD5567222BFA5D5C00CFEE1B /* SecondRectanglePC.swift */,
			);
			path = ColorPicker;
			sourceTree = "<group>";
		};
		DD5567242BFA5DA300CFEE1B /* MainVC */ = {
			isa = PBXGroup;
			children = (
				DD55670F2BFA5A4200CFEE1B /* MixColorVC.swift */,
				DD5567262BFA5DEA00CFEE1B /* MixColor.swift */,
			);
			path = MainVC;
			sourceTree = "<group>";
		};
		DD5567252BFA5DAE00CFEE1B /* Support */ = {
			isa = PBXGroup;
			children = (
				DD55670B2BFA5A4200CFEE1B /* AppDelegate.swift */,
				DD55670D2BFA5A4200CFEE1B /* SceneDelegate.swift */,
				DD5567142BFA5A4400CFEE1B /* Assets.xcassets */,
				DD5567162BFA5A4400CFEE1B /* LaunchScreen.storyboard */,
			);
			path = Support;
			sourceTree = "<group>";
		};
		DD5567282BFA685100CFEE1B /* FirstWork */ = {
			isa = PBXGroup;
			children = (
				DD5053362C0380DE003D4703 /* JSONCaller */,
				DD5053352C0380D2003D4703 /* Network */,
				DD5053342C0380C9003D4703 /* Extension */,
				DD55671F2BFA5D1200CFEE1B /* ColorPicker */,
				DD5567242BFA5DA300CFEE1B /* MainVC */,
			);
			path = FirstWork;
			sourceTree = "<group>";
		};
/* End PBXGroup section */

/* Begin PBXNativeTarget section */
		DD5567072BFA5A4200CFEE1B /* ColorMix */ = {
			isa = PBXNativeTarget;
			buildConfigurationList = DD55671C2BFA5A4400CFEE1B /* Build configuration list for PBXNativeTarget "ColorMix" */;
			buildPhases = (
				DD5567042BFA5A4200CFEE1B /* Sources */,
				DD5567052BFA5A4200CFEE1B /* Frameworks */,
				DD5567062BFA5A4200CFEE1B /* Resources */,
			);
			buildRules = (
			);
			dependencies = (
			);
			name = ColorMix;
			productName = ColorMix;
			productReference = DD5567082BFA5A4200CFEE1B /* ColorMix.app */;
			productType = "com.apple.product-type.application";
		};
/* End PBXNativeTarget section */

/* Begin PBXProject section */
		DD5567002BFA5A4200CFEE1B /* Project object */ = {
			isa = PBXProject;
			attributes = {
				BuildIndependentTargetsInParallel = 1;
				LastSwiftUpdateCheck = 1540;
				LastUpgradeCheck = 1540;
				TargetAttributes = {
					DD5567072BFA5A4200CFEE1B = {
						CreatedOnToolsVersion = 15.4;
					};
				};
			};
			buildConfigurationList = DD5567032BFA5A4200CFEE1B /* Build configuration list for PBXProject "ColorMix" */;
			compatibilityVersion = "Xcode 14.0";
			developmentRegion = en;
			hasScannedForEncodings = 0;
			knownRegions = (
				en,
				Base,
			);
			mainGroup = DD5566FF2BFA5A4200CFEE1B;
			productRefGroup = DD5567092BFA5A4200CFEE1B /* Products */;
			projectDirPath = "";
			projectRoot = "";
			targets = (
				DD5567072BFA5A4200CFEE1B /* ColorMix */,
			);
		};
/* End PBXProject section */

/* Begin PBXResourcesBuildPhase section */
		DD5567062BFA5A4200CFEE1B /* Resources */ = {
			isa = PBXResourcesBuildPhase;
			buildActionMask = 2147483647;
			files = (
				DD5567152BFA5A4400CFEE1B /* Assets.xcassets in Resources */,
				DD5567182BFA5A4400CFEE1B /* Base in Resources */,
			);
			runOnlyForDeploymentPostprocessing = 0;
		};
/* End PBXResourcesBuildPhase section */

/* Begin PBXSourcesBuildPhase section */
		DD5567042BFA5A4200CFEE1B /* Sources */ = {
			isa = PBXSourcesBuildPhase;
			buildActionMask = 2147483647;
			files = (
				DD5053312C037F89003D4703 /* NetworkData.swift in Sources */,
				DD5567232BFA5D5C00CFEE1B /* SecondRectanglePC.swift in Sources */,
				DD5567102BFA5A4200CFEE1B /* MixColorVC.swift in Sources */,
				DD5567272BFA5DEA00CFEE1B /* MixColor.swift in Sources */,
				DD5567212BFA5D2D00CFEE1B /* FirstRectanglePC.swift in Sources */,
				DD5053332C038084003D4703 /* UIColorExtension.swift in Sources */,
				DD55670C2BFA5A4200CFEE1B /* AppDelegate.swift in Sources */,
				DD55670E2BFA5A4200CFEE1B /* SceneDelegate.swift in Sources */,
				DD55672C2BFD18F200CFEE1B /* JSONCaller.swift in Sources */,
			);
			runOnlyForDeploymentPostprocessing = 0;
		};
/* End PBXSourcesBuildPhase section */

/* Begin PBXVariantGroup section */
		DD5567162BFA5A4400CFEE1B /* LaunchScreen.storyboard */ = {
			isa = PBXVariantGroup;
			children = (
				DD5567172BFA5A4400CFEE1B /* Base */,
			);
			name = LaunchScreen.storyboard;
			sourceTree = "<group>";
		};
/* End PBXVariantGroup section */

/* Begin XCBuildConfiguration section */
		DD55671A2BFA5A4400CFEE1B /* Debug */ = {
			isa = XCBuildConfiguration;
			buildSettings = {
				ALWAYS_SEARCH_USER_PATHS = NO;
				ASSETCATALOG_COMPILER_GENERATE_SWIFT_ASSET_SYMBOL_EXTENSIONS = YES;
				CLANG_ANALYZER_NONNULL = YES;
				CLANG_ANALYZER_NUMBER_OBJECT_CONVERSION = YES_AGGRESSIVE;
				CLANG_CXX_LANGUAGE_STANDARD = "gnu++20";
				CLANG_ENABLE_MODULES = YES;
				CLANG_ENABLE_OBJC_ARC = YES;
				CLANG_ENABLE_OBJC_WEAK = YES;
				CLANG_WARN_BLOCK_CAPTURE_AUTORELEASING = YES;
				CLANG_WARN_BOOL_CONVERSION = YES;
				CLANG_WARN_COMMA = YES;
				CLANG_WARN_CONSTANT_CONVERSION = YES;
				CLANG_WARN_DEPRECATED_OBJC_IMPLEMENTATIONS = YES;
				CLANG_WARN_DIRECT_OBJC_ISA_USAGE = YES_ERROR;
				CLANG_WARN_DOCUMENTATION_COMMENTS = YES;
				CLANG_WARN_EMPTY_BODY = YES;
				CLANG_WARN_ENUM_CONVERSION = YES;
				CLANG_WARN_INFINITE_RECURSION = YES;
				CLANG_WARN_INT_CONVERSION = YES;
				CLANG_WARN_NON_LITERAL_NULL_CONVERSION = YES;
				CLANG_WARN_OBJC_IMPLICIT_RETAIN_SELF = YES;
				CLANG_WARN_OBJC_LITERAL_CONVERSION = YES;
				CLANG_WARN_OBJC_ROOT_CLASS = YES_ERROR;
				CLANG_WARN_QUOTED_INCLUDE_IN_FRAMEWORK_HEADER = YES;
				CLANG_WARN_RANGE_LOOP_ANALYSIS = YES;
				CLANG_WARN_STRICT_PROTOTYPES = YES;
				CLANG_WARN_SUSPICIOUS_MOVE = YES;
				CLANG_WARN_UNGUARDED_AVAILABILITY = YES_AGGRESSIVE;
				CLANG_WARN_UNREACHABLE_CODE = YES;
				CLANG_WARN__DUPLICATE_METHOD_MATCH = YES;
				COPY_PHASE_STRIP = NO;
				DEBUG_INFORMATION_FORMAT = dwarf;
				ENABLE_STRICT_OBJC_MSGSEND = YES;
				ENABLE_TESTABILITY = YES;
				ENABLE_USER_SCRIPT_SANDBOXING = YES;
				GCC_C_LANGUAGE_STANDARD = gnu17;
				GCC_DYNAMIC_NO_PIC = NO;
				GCC_NO_COMMON_BLOCKS = YES;
				GCC_OPTIMIZATION_LEVEL = 0;
				GCC_PREPROCESSOR_DEFINITIONS = (
					"DEBUG=1",
					"$(inherited)",
				);
				GCC_WARN_64_TO_32_BIT_CONVERSION = YES;
				GCC_WARN_ABOUT_RETURN_TYPE = YES_ERROR;
				GCC_WARN_UNDECLARED_SELECTOR = YES;
				GCC_WARN_UNINITIALIZED_AUTOS = YES_AGGRESSIVE;
				GCC_WARN_UNUSED_FUNCTION = YES;
				GCC_WARN_UNUSED_VARIABLE = YES;
				IPHONEOS_DEPLOYMENT_TARGET = 17.5;
				LOCALIZATION_PREFERS_STRING_CATALOGS = YES;
				MTL_ENABLE_DEBUG_INFO = INCLUDE_SOURCE;
				MTL_FAST_MATH = YES;
				ONLY_ACTIVE_ARCH = YES;
				SDKROOT = iphoneos;
				SWIFT_ACTIVE_COMPILATION_CONDITIONS = "DEBUG $(inherited)";
				SWIFT_OPTIMIZATION_LEVEL = "-Onone";
			};
			name = Debug;
		};
		DD55671B2BFA5A4400CFEE1B /* Release */ = {
			isa = XCBuildConfiguration;
			buildSettings = {
				ALWAYS_SEARCH_USER_PATHS = NO;
				ASSETCATALOG_COMPILER_GENERATE_SWIFT_ASSET_SYMBOL_EXTENSIONS = YES;
				CLANG_ANALYZER_NONNULL = YES;
				CLANG_ANALYZER_NUMBER_OBJECT_CONVERSION = YES_AGGRESSIVE;
				CLANG_CXX_LANGUAGE_STANDARD = "gnu++20";
				CLANG_ENABLE_MODULES = YES;
				CLANG_ENABLE_OBJC_ARC = YES;
				CLANG_ENABLE_OBJC_WEAK = YES;
				CLANG_WARN_BLOCK_CAPTURE_AUTORELEASING = YES;
				CLANG_WARN_BOOL_CONVERSION = YES;
				CLANG_WARN_COMMA = YES;
				CLANG_WARN_CONSTANT_CONVERSION = YES;
				CLANG_WARN_DEPRECATED_OBJC_IMPLEMENTATIONS = YES;
				CLANG_WARN_DIRECT_OBJC_ISA_USAGE = YES_ERROR;
				CLANG_WARN_DOCUMENTATION_COMMENTS = YES;
				CLANG_WARN_EMPTY_BODY = YES;
				CLANG_WARN_ENUM_CONVERSION = YES;
				CLANG_WARN_INFINITE_RECURSION = YES;
				CLANG_WARN_INT_CONVERSION = YES;
				CLANG_WARN_NON_LITERAL_NULL_CONVERSION = YES;
				CLANG_WARN_OBJC_IMPLICIT_RETAIN_SELF = YES;
				CLANG_WARN_OBJC_LITERAL_CONVERSION = YES;
				CLANG_WARN_OBJC_ROOT_CLASS = YES_ERROR;
				CLANG_WARN_QUOTED_INCLUDE_IN_FRAMEWORK_HEADER = YES;
				CLANG_WARN_RANGE_LOOP_ANALYSIS = YES;
				CLANG_WARN_STRICT_PROTOTYPES = YES;
				CLANG_WARN_SUSPICIOUS_MOVE = YES;
				CLANG_WARN_UNGUARDED_AVAILABILITY = YES_AGGRESSIVE;
				CLANG_WARN_UNREACHABLE_CODE = YES;
				CLANG_WARN__DUPLICATE_METHOD_MATCH = YES;
				COPY_PHASE_STRIP = NO;
				DEBUG_INFORMATION_FORMAT = "dwarf-with-dsym";
				ENABLE_NS_ASSERTIONS = NO;
				ENABLE_STRICT_OBJC_MSGSEND = YES;
				ENABLE_USER_SCRIPT_SANDBOXING = YES;
				GCC_C_LANGUAGE_STANDARD = gnu17;
				GCC_NO_COMMON_BLOCKS = YES;
				GCC_WARN_64_TO_32_BIT_CONVERSION = YES;
				GCC_WARN_ABOUT_RETURN_TYPE = YES_ERROR;
				GCC_WARN_UNDECLARED_SELECTOR = YES;
				GCC_WARN_UNINITIALIZED_AUTOS = YES_AGGRESSIVE;
				GCC_WARN_UNUSED_FUNCTION = YES;
				GCC_WARN_UNUSED_VARIABLE = YES;
				IPHONEOS_DEPLOYMENT_TARGET = 17.5;
				LOCALIZATION_PREFERS_STRING_CATALOGS = YES;
				MTL_ENABLE_DEBUG_INFO = NO;
				MTL_FAST_MATH = YES;
				SDKROOT = iphoneos;
				SWIFT_COMPILATION_MODE = wholemodule;
				VALIDATE_PRODUCT = YES;
			};
			name = Release;
		};
		DD55671D2BFA5A4400CFEE1B /* Debug */ = {
			isa = XCBuildConfiguration;
			buildSettings = {
				ASSETCATALOG_COMPILER_APPICON_NAME = AppIcon;
				ASSETCATALOG_COMPILER_GLOBAL_ACCENT_COLOR_NAME = AccentColor;
				CODE_SIGN_STYLE = Automatic;
				CURRENT_PROJECT_VERSION = 1;
				DEVELOPMENT_TEAM = M486R3V7D5;
				GENERATE_INFOPLIST_FILE = YES;
				INFOPLIST_FILE = ColorMix/Info.plist;
				INFOPLIST_KEY_UIApplicationSupportsIndirectInputEvents = YES;
				INFOPLIST_KEY_UILaunchStoryboardName = LaunchScreen;
				INFOPLIST_KEY_UISupportedInterfaceOrientations_iPad = "UIInterfaceOrientationPortrait UIInterfaceOrientationPortraitUpsideDown UIInterfaceOrientationLandscapeLeft UIInterfaceOrientationLandscapeRight";
				INFOPLIST_KEY_UISupportedInterfaceOrientations_iPhone = "UIInterfaceOrientationPortrait UIInterfaceOrientationLandscapeLeft UIInterfaceOrientationLandscapeRight";
				LD_RUNPATH_SEARCH_PATHS = (
					"$(inherited)",
					"@executable_path/Frameworks",
				);
				MARKETING_VERSION = 1.0;
				PRODUCT_BUNDLE_IDENTIFIER = com.Drolllted.ColorMix;
				PRODUCT_NAME = "$(TARGET_NAME)";
				SWIFT_EMIT_LOC_STRINGS = YES;
				SWIFT_VERSION = 5.0;
				TARGETED_DEVICE_FAMILY = "1,2";
			};
			name = Debug;
		};
		DD55671E2BFA5A4400CFEE1B /* Release */ = {
			isa = XCBuildConfiguration;
			buildSettings = {
				ASSETCATALOG_COMPILER_APPICON_NAME = AppIcon;
				ASSETCATALOG_COMPILER_GLOBAL_ACCENT_COLOR_NAME = AccentColor;
				CODE_SIGN_STYLE = Automatic;
				CURRENT_PROJECT_VERSION = 1;
				DEVELOPMENT_TEAM = M486R3V7D5;
				GENERATE_INFOPLIST_FILE = YES;
				INFOPLIST_FILE = ColorMix/Info.plist;
				INFOPLIST_KEY_UIApplicationSupportsIndirectInputEvents = YES;
				INFOPLIST_KEY_UILaunchStoryboardName = LaunchScreen;
				INFOPLIST_KEY_UISupportedInterfaceOrientations_iPad = "UIInterfaceOrientationPortrait UIInterfaceOrientationPortraitUpsideDown UIInterfaceOrientationLandscapeLeft UIInterfaceOrientationLandscapeRight";
				INFOPLIST_KEY_UISupportedInterfaceOrientations_iPhone = "UIInterfaceOrientationPortrait UIInterfaceOrientationLandscapeLeft UIInterfaceOrientationLandscapeRight";
				LD_RUNPATH_SEARCH_PATHS = (
					"$(inherited)",
					"@executable_path/Frameworks",
				);
				MARKETING_VERSION = 1.0;
				PRODUCT_BUNDLE_IDENTIFIER = com.Drolllted.ColorMix;
				PRODUCT_NAME = "$(TARGET_NAME)";
				SWIFT_EMIT_LOC_STRINGS = YES;
				SWIFT_VERSION = 5.0;
				TARGETED_DEVICE_FAMILY = "1,2";
			};
			name = Release;
		};
/* End XCBuildConfiguration section */

/* Begin XCConfigurationList section */
		DD5567032BFA5A4200CFEE1B /* Build configuration list for PBXProject "ColorMix" */ = {
			isa = XCConfigurationList;
			buildConfigurations = (
				DD55671A2BFA5A4400CFEE1B /* Debug */,
				DD55671B2BFA5A4400CFEE1B /* Release */,
			);
			defaultConfigurationIsVisible = 0;
			defaultConfigurationName = Release;
		};
		DD55671C2BFA5A4400CFEE1B /* Build configuration list for PBXNativeTarget "ColorMix" */ = {
			isa = XCConfigurationList;
			buildConfigurations = (
				DD55671D2BFA5A4400CFEE1B /* Debug */,
				DD55671E2BFA5A4400CFEE1B /* Release */,
			);
			defaultConfigurationIsVisible = 0;
			defaultConfigurationName = Release;
		};
/* End XCConfigurationList section */
	};
	rootObject = DD5567002BFA5A4200CFEE1B /* Project object */;
}
